
Microsoft Visual Studio Solution File, Format Version 12.00
# Visual Studio Version 16
VisualStudioVersion = 16.0.30907.101
MinimumVisualStudioVersion = 10.0.40219.1
Project("{FAE04EC0-301F-11D3-BF4B-00C04F79EFBC}") = "NumarMare", "NumarMare\NumarMare.csproj", "{A578567F-0F4C-4B42-859C-CFB142F37F4A}"
EndProject
Global
	GlobalSection(SolutionConfigurationPlatforms) = preSolution
		Debug|Any CPU = Debug|Any CPU
		Release|Any CPU = Release|Any CPU
	EndGlobalSection
	GlobalSection(ProjectConfigurationPlatforms) = postSolution
		{A578567F-0F4C-4B42-859C-CFB142F37F4A}.Debug|Any CPU.ActiveCfg = Debug|Any CPU
		{A578567F-0F4C-4B42-859C-CFB142F37F4A}.Debug|Any CPU.Build.0 = Debug|Any CPU
		{A578567F-0F4C-4B42-859C-CFB142F37F4A}.Release|Any CPU.ActiveCfg = Release|Any CPU
		{A578567F-0F4C-4B42-859C-CFB142F37F4A}.Release|Any CPU.Build.0 = Release|Any CPU
	EndGlobalSection
	GlobalSection(SolutionProperties) = preSolution
		HideSolutionNode = FALSE
	EndGlobalSection
	GlobalSection(ExtensibilityGlobals) = postSolution
		SolutionGuid = {1EF8476E-C88A-4ADA-B614-52B2864C80E0}
	EndGlobalSection
EndGlobal
