
Microsoft Visual Studio Solution File, Format Version 12.00
# Visual Studio Version 16
VisualStudioVersion = 16.0.30907.101
MinimumVisualStudioVersion = 10.0.40219.1
Project("{FAE04EC0-301F-11D3-BF4B-00C04F79EFBC}") = "Complex", "Complex\Complex.csproj", "{CE9E6566-1DE5-43D6-AAD4-118805BF0978}"
EndProject
Global
	GlobalSection(SolutionConfigurationPlatforms) = preSolution
		Debug|Any CPU = Debug|Any CPU
		Release|Any CPU = Release|Any CPU
	EndGlobalSection
	GlobalSection(ProjectConfigurationPlatforms) = postSolution
		{CE9E6566-1DE5-43D6-AAD4-118805BF0978}.Debug|Any CPU.ActiveCfg = Debug|Any CPU
		{CE9E6566-1DE5-43D6-AAD4-118805BF0978}.Debug|Any CPU.Build.0 = Debug|Any CPU
		{CE9E6566-1DE5-43D6-AAD4-118805BF0978}.Release|Any CPU.ActiveCfg = Release|Any CPU
		{CE9E6566-1DE5-43D6-AAD4-118805BF0978}.Release|Any CPU.Build.0 = Release|Any CPU
	EndGlobalSection
	GlobalSection(SolutionProperties) = preSolution
		HideSolutionNode = FALSE
	EndGlobalSection
	GlobalSection(ExtensibilityGlobals) = postSolution
		SolutionGuid = {0D99F534-C308-4D94-8793-52E39EE87BF7}
	EndGlobalSection
EndGlobal
